# THIS IS AN AUTOGENERATED FILE. DO NOT EDIT THIS FILE DIRECTLY.
# yarn lockfile v1


"@escook/request-miniprogram@^0.2.1":
  version "0.2.1"
  resolved "https://registry.npmmirror.com/@escook/request-miniprogram/-/request-miniprogram-0.2.1.tgz#c3b13249f5a94601f2949f4d68245df9a5683819"
  integrity sha512-ueWV5YsaEm/ycQZuEjMiA88GFMhfBQSjy9GrP9omy4xAQajkGTbYIlnhzsDfWzRPmRC1fKmAiKMrCVcgS+SHcQ==

"@types/wechat-miniprogram@^3.4.0":
  version "3.4.1"
  resolved "https://registry.npmmirror.com/@types/wechat-miniprogram/-/wechat-miniprogram-3.4.1.tgz#e237ebaa5f541b816ca2ab648e40b74faeb014cb"
  integrity sha512-szbuYR32VotxNQNQ4YyQ6Ob3ya0tLY0zpf/xvi6DF8Oqb+0Y+5CL5BpxS+4wBSJvlu3VfSXhjxZ0ze1a3l16Pw==

"@vant/weapp@^1.10.10":
  version "1.10.10"
  resolved "https://registry.npmmirror.com/@vant/weapp/-/weapp-1.10.10.tgz#4ba8c7ac4fa259a73d777ba8d3dad806d18f347d"
  integrity sha512-rNE38/xO/GChOAlFjSx8lg/h3y3/hCwSk/G6RypOlLGqX69vfwS/+W/plziIOpY9z3VffxmOkacxQTrwfVw1VA==

charenc@0.0.2:
  version "0.0.2"
  resolved "https://registry.npmmirror.com/charenc/-/charenc-0.0.2.tgz#c0a1d2f3a7092e03774bfa83f14c0fc5790a8667"
  integrity sha512-yrLQ/yVUFXkzg7EDQsPieE/53+0RlaWTs+wBrvW36cyilJ2SaDWfl4Yj7MtLTXleV9uEKefbAGUPv2/iWSooRA==

crypt@0.0.2:
  version "0.0.2"
  resolved "https://registry.npmmirror.com/crypt/-/crypt-0.0.2.tgz#88d7ff7ec0dfb86f713dc87bbb42d044d3e6c41b"
  integrity sha512-mCxBlsHFYh9C+HVpiEacem8FEBnMXgU9gy4zmNC+SXAZNB/1idgp/aulFJ4FgCi7GPEVbfyng092GqL2k2rmow==

is-buffer@~1.1.6:
  version "1.1.6"
  resolved "https://registry.npmmirror.com/is-buffer/-/is-buffer-1.1.6.tgz#efaa2ea9daa0d7ab2ea13a97b2b8ad51fefbe8be"
  integrity sha512-NcdALwpXkTm5Zvvbk7owOUSvVvBKDgKP5/ewfXEznmQFfs4ZRmanOeKBTjRVjka3QFoN6XJ+9F3USqfHqTaU5w==

md5@^2.3.0:
  version "2.3.0"
  resolved "https://registry.npmmirror.com/md5/-/md5-2.3.0.tgz#c3da9a6aae3a30b46b7b0c349b87b110dc3bda4f"
  integrity sha512-T1GITYmFaKuO91vxyoQMFETst+O71VUPEU3ze5GNzDm0OWdP8v1ziTaAEPUr/3kLsY3Sftgz242A1SetQiDL7g==
  dependencies:
    charenc "0.0.2"
    crypt "0.0.2"
    is-buffer "~1.1.6"

miniprogram-api-promise@^1.0.4:
  version "1.0.4"
  resolved "https://registry.npmmirror.com/miniprogram-api-promise/-/miniprogram-api-promise-1.0.4.tgz#fefe9b72923fd31f88b12463b502cb457c892b4c"
  integrity sha512-lS2ukj03Ugy8IJUDmdssklLT4kjzyRtVYwErhyDZkzxtqcxaed2xldRgNrsikigeMUBR9gAs7wgnjSKPlyKIYg==

mobx-miniprogram-bindings@^2.1.5:
  version "2.1.5"
  resolved "https://registry.npmmirror.com/mobx-miniprogram-bindings/-/mobx-miniprogram-bindings-2.1.5.tgz#148a9e9bb47b7ef2b4bdc3786dff57666e33a2eb"
  integrity sha512-2HuiQL5FPgoYJ8XIMdw5iD6XT61LtsujaGyizbN845iZcsLmrKZiF0dKd4jQTSuC/6rGozqqhcy0sDc7qcpjYQ==
  dependencies:
    "@types/wechat-miniprogram" "^3.4.0"

mobx-miniprogram@^4.13.2:
  version "4.13.2"
  resolved "https://registry.npmmirror.com/mobx-miniprogram/-/mobx-miniprogram-4.13.2.tgz#b72c03fd5ad1f1b9022c422f9c88a47d1e5f8868"
  integrity sha512-C3HtkqHCLKp35N2gXA80yFD6PNfSqwioPFmnjTQpBLrEqYm1F6yiWZ57CW+8FqgmR306mw6ZfsM5q7hSTHw8BQ==
